
Microsoft Visual Studio Solution File, Format Version 12.00
# Visual Studio Version 17
VisualStudioVersion = 17.4.33213.308
MinimumVisualStudioVersion = 10.0.40219.1
Project("{FAE04EC0-301F-11D3-BF4B-00C04F79EFBC}") = "BatchLoadTest", "BatchLoadTest.csproj", "{6FADD363-DCA6-4208-9F86-9E5013F0361A}"
EndProject
Global
	GlobalSection(SolutionConfigurationPlatforms) = preSolution
		Debug|Any CPU = Debug|Any CPU
		Release|Any CPU = Release|Any CPU
	EndGlobalSection
	GlobalSection(ProjectConfigurationPlatforms) = postSolution
		{6FADD363-DCA6-4208-9F86-9E5013F0361A}.Debug|Any CPU.ActiveCfg = Debug|Any CPU
		{6FADD363-DCA6-4208-9F86-9E5013F0361A}.Debug|Any CPU.Build.0 = Debug|Any CPU
		{6FADD363-DCA6-4208-9F86-9E5013F0361A}.Release|Any CPU.ActiveCfg = Release|Any CPU
		{6FADD363-DCA6-4208-9F86-9E5013F0361A}.Release|Any CPU.Build.0 = Release|Any CPU
	EndGlobalSection
	GlobalSection(SolutionProperties) = preSolution
		HideSolutionNode = FALSE
	EndGlobalSection
	GlobalSection(ExtensibilityGlobals) = postSolution
		SolutionGuid = {E485952B-F4BC-4DC8-9884-60AB5533FB10}
	EndGlobalSection
EndGlobal
